// !$*UTF8*$!
{
	archiveVersion = 1;
	classes = {
	};
	objectVersion = 46;
	objects = {

/* Begin PBXBuildFile section */
		A2587DB31C819937007D6A71 /* AppDelegate.swift in Sources */ = {isa = PBXBuildFile; fileRef = A2587DB21C819937007D6A71 /* AppDelegate.swift */; };
		A2587DB51C819937007D6A71 /* ViewController.swift in Sources */ = {isa = PBXBuildFile; fileRef = A2587DB41C819937007D6A71 /* ViewController.swift */; };
		A2587DB81C819937007D6A71 /* Main.storyboard in Resources */ = {isa = PBXBuildFile; fileRef = A2587DB61C819937007D6A71 /* Main.storyboard */; };
		A2587DBA1C819937007D6A71 /* Assets.xcassets in Resources */ = {isa = PBXBuildFile; fileRef = A2587DB91C819937007D6A71 /* Assets.xcassets */; };
		A2587DBD1C819937007D6A71 /* LaunchScreen.storyboard in Resources */ = {isa = PBXBuildFile; fileRef = A2587DBB1C819937007D6A71 /* LaunchScreen.storyboard */; };
		A2587DC81C819937007D6A71 /* _BombsTests.swift in Sources */ = {isa = PBXBuildFile; fileRef = A2587DC71C819937007D6A71 /* _BombsTests.swift */; };
		A2587DD31C819937007D6A71 /* _BombsUITests.swift in Sources */ = {isa = PBXBuildFile; fileRef = A2587DD21C819937007D6A71 /* _BombsUITests.swift */; };
/* End PBXBuildFile section */

/* Begin PBXContainerItemProxy section */
		A2587DC41C819937007D6A71 /* PBXContainerItemProxy */ = {
			isa = PBXContainerItemProxy;
			containerPortal = A2587DA71C819937007D6A71 /* Project object */;
			proxyType = 1;
			remoteGlobalIDString = A2587DAE1C819937007D6A71;
			remoteInfo = 2Bombs;
		};
		A2587DCF1C819937007D6A71 /* PBXContainerItemProxy */ = {
			isa = PBXContainerItemProxy;
			containerPortal = A2587DA71C819937007D6A71 /* Project object */;
			proxyType = 1;
			remoteGlobalIDString = A2587DAE1C819937007D6A71;
			remoteInfo = 2Bombs;
		};
/* End PBXContainerItemProxy section */

/* Begin PBXFileReference section */
		A2587DAF1C819937007D6A71 /* 2Bombs.app */ = {isa = PBXFileReference; explicitFileType = wrapper.application; includeInIndex = 0; path = 2Bombs.app; sourceTree = BUILT_PRODUCTS_DIR; };
		A2587DB21C819937007D6A71 /* AppDelegate.swift */ = {isa = PBXFileReference; lastKnownFileType = sourcecode.swift; path = AppDelegate.swift; sourceTree = "<group>"; };
		A2587DB41C819937007D6A71 /* ViewController.swift */ = {isa = PBXFileReference; lastKnownFileType = sourcecode.swift; path = ViewController.swift; sourceTree = "<group>"; };
		A2587DB71C819937007D6A71 /* Base */ = {isa = PBXFileReference; lastKnownFileType = file.storyboard; name = Base; path = Base.lproj/Main.storyboard; sourceTree = "<group>"; };
		A2587DB91C819937007D6A71 /* Assets.xcassets */ = {isa = PBXFileReference; lastKnownFileType = folder.assetcatalog; path = Assets.xcassets; sourceTree = "<group>"; };
		A2587DBC1C819937007D6A71 /* Base */ = {isa = PBXFileReference; lastKnownFileType = file.storyboard; name = Base; path = Base.lproj/LaunchScreen.storyboard; sourceTree = "<group>"; };
		A2587DBE1C819937007D6A71 /* Info.plist */ = {isa = PBXFileReference; lastKnownFileType = text.plist.xml; path = Info.plist; sourceTree = "<group>"; };
		A2587DC31C819937007D6A71 /* 2BombsTests.xctest */ = {isa = PBXFileReference; explicitFileType = wrapper.cfbundle; includeInIndex = 0; path = 2BombsTests.xctest; sourceTree = BUILT_PRODUCTS_DIR; };
		A2587DC71C819937007D6A71 /* _BombsTests.swift */ = {isa = PBXFileReference; lastKnownFileType = sourcecode.swift; path = _BombsTests.swift; sourceTree = "<group>"; };
		A2587DC91C819937007D6A71 /* Info.plist */ = {isa = PBXFileReference; lastKnownFileType = text.plist.xml; path = Info.plist; sourceTree = "<group>"; };
		A2587DCE1C819937007D6A71 /* 2BombsUITests.xctest */ = {isa = PBXFileReference; explicitFileType = wrapper.cfbundle; includeInIndex = 0; path = 2BombsUITests.xctest; sourceTree = BUILT_PRODUCTS_DIR; };
		A2587DD21C819937007D6A71 /* _BombsUITests.swift */ = {isa = PBXFileReference; lastKnownFileType = sourcecode.swift; path = _BombsUITests.swift; sourceTree = "<group>"; };
		A2587DD41C819937007D6A71 /* Info.plist */ = {isa = PBXFileReference; lastKnownFileType = text.plist.xml; path = Info.plist; sourceTree = "<group>"; };
/* End PBXFileReference section */

/* Begin PBXFrameworksBuildPhase section */
		A2587DAC1C819937007D6A71 /* Frameworks */ = {
			isa = PBXFrameworksBuildPhase;
			buildActionMask = 2147483647;
			files = (
			);
			runOnlyForDeploymentPostprocessing = 0;
		};
		A2587DC01C819937007D6A71 /* Frameworks */ = {
			isa = PBXFrameworksBuildPhase;
			buildActionMask = 2147483647;
			files = (
			);
			runOnlyForDeploymentPostprocessing = 0;
		};
		A2587DCB1C819937007D6A71 /* Frameworks */ = {
			isa = PBXFrameworksBuildPhase;
			buildActionMask = 2147483647;
			files = (
			);
			runOnlyForDeploymentPostprocessing = 0;
		};
/* End PBXFrameworksBuildPhase section */

/* Begin PBXGroup section */
		A2587DA61C819937007D6A71 = {
			isa = PBXGroup;
			children = (
				A2587DB11C819937007D6A71 /* 2Bombs */,
				A2587DC61C819937007D6A71 /* 2BombsTests */,
				A2587DD11C819937007D6A71 /* 2BombsUITests */,
				A2587DB01C819937007D6A71 /* Products */,
			);
			sourceTree = "<group>";
		};
		A2587DB01C819937007D6A71 /* Products */ = {
			isa = PBXGroup;
			children = (
				A2587DAF1C819937007D6A71 /* 2Bombs.app */,
				A2587DC31C819937007D6A71 /* 2BombsTests.xctest */,
				A2587DCE1C819937007D6A71 /* 2BombsUITests.xctest */,
			);
			name = Products;
			sourceTree = "<group>";
		};
		A2587DB11C819937007D6A71 /* 2Bombs */ = {
			isa = PBXGroup;
			children = (
				A2587DB21C819937007D6A71 /* AppDelegate.swift */,
				A2587DB41C819937007D6A71 /* ViewController.swift */,
				A2587DB61C819937007D6A71 /* Main.storyboard */,
				A2587DB91C819937007D6A71 /* Assets.xcassets */,
				A2587DBB1C819937007D6A71 /* LaunchScreen.storyboard */,
				A2587DBE1C819937007D6A71 /* Info.plist */,
			);
			path = 2Bombs;
			sourceTree = "<group>";
		};
		A2587DC61C819937007D6A71 /* 2BombsTests */ = {
			isa = PBXGroup;
			children = (
				A2587DC71C819937007D6A71 /* _BombsTests.swift */,
				A2587DC91C819937007D6A71 /* Info.plist */,
			);
			path = 2BombsTests;
			sourceTree = "<group>";
		};
		A2587DD11C819937007D6A71 /* 2BombsUITests */ = {
			isa = PBXGroup;
			children = (
				A2587DD21C819937007D6A71 /* _BombsUITests.swift */,
				A2587DD41C819937007D6A71 /* Info.plist */,
			);
			path = 2BombsUITests;
			sourceTree = "<group>";
		};
/* End PBXGroup section */

/* Begin PBXNativeTarget section */
		A2587DAE1C819937007D6A71 /* 2Bombs */ = {
			isa = PBXNativeTarget;
			buildConfigurationList = A2587DD71C819937007D6A71 /* Build configuration list for PBXNativeTarget "2Bombs" */;
			buildPhases = (
				A2587DAB1C819937007D6A71 /* Sources */,
				A2587DAC1C819937007D6A71 /* Frameworks */,
				A2587DAD1C819937007D6A71 /* Resources */,
			);
			buildRules = (
			);
			dependencies = (
			);
			name = 2Bombs;
			productName = 2Bombs;
			productReference = A2587DAF1C819937007D6A71 /* 2Bombs.app */;
			productType = "com.apple.product-type.application";
		};
		A2587DC21C819937007D6A71 /* 2BombsTests */ = {
			isa = PBXNativeTarget;
			buildConfigurationList = A2587DDA1C819937007D6A71 /* Build configuration list for PBXNativeTarget "2BombsTests" */;
			buildPhases = (
				A2587DBF1C819937007D6A71 /* Sources */,
				A2587DC01C819937007D6A71 /* Frameworks */,
				A2587DC11C819937007D6A71 /* Resources */,
			);
			buildRules = (
			);
			dependencies = (
				A2587DC51C819937007D6A71 /* PBXTargetDependency */,
			);
			name = 2BombsTests;
			productName = 2BombsTests;
			productReference = A2587DC31C819937007D6A71 /* 2BombsTests.xctest */;
			productType = "com.apple.product-type.bundle.unit-test";
		};
		A2587DCD1C819937007D6A71 /* 2BombsUITests */ = {
			isa = PBXNativeTarget;
			buildConfigurationList = A2587DDD1C819937007D6A71 /* Build configuration list for PBXNativeTarget "2BombsUITests" */;
			buildPhases = (
				A2587DCA1C819937007D6A71 /* Sources */,
				A2587DCB1C819937007D6A71 /* Frameworks */,
				A2587DCC1C819937007D6A71 /* Resources */,
			);
			buildRules = (
			);
			dependencies = (
				A2587DD01C819937007D6A71 /* PBXTargetDependency */,
			);
			name = 2BombsUITests;
			productName = 2BombsUITests;
			productReference = A2587DCE1C819937007D6A71 /* 2BombsUITests.xctest */;
			productType = "com.apple.product-type.bundle.ui-testing";
		};
/* End PBXNativeTarget section */

/* Begin PBXProject section */
		A2587DA71C819937007D6A71 /* Project object */ = {
			isa = PBXProject;
			attributes = {
				LastSwiftUpdateCheck = 0730;
				LastUpgradeCheck = 0730;
				ORGANIZATIONNAME = "Aurora Software";
				TargetAttributes = {
					A2587DAE1C819937007D6A71 = {
						CreatedOnToolsVersion = 7.3;
					};
					A2587DC21C819937007D6A71 = {
						CreatedOnToolsVersion = 7.3;
						TestTargetID = A2587DAE1C819937007D6A71;
					};
					A2587DCD1C819937007D6A71 = {
						CreatedOnToolsVersion = 7.3;
						TestTargetID = A2587DAE1C819937007D6A71;
					};
				};
			};
			buildConfigurationList = A2587DAA1C819937007D6A71 /* Build configuration list for PBXProject "2Bombs" */;
			compatibilityVersion = "Xcode 3.2";
			developmentRegion = English;
			hasScannedForEncodings = 0;
			knownRegions = (
				en,
				Base,
			);
			mainGroup = A2587DA61C819937007D6A71;
			productRefGroup = A2587DB01C819937007D6A71 /* Products */;
			projectDirPath = "";
			projectRoot = "";
			targets = (
				A2587DAE1C819937007D6A71 /* 2Bombs */,
				A2587DC21C819937007D6A71 /* 2BombsTests */,
				A2587DCD1C819937007D6A71 /* 2BombsUITests */,
			);
		};
/* End PBXProject section */

/* Begin PBXResourcesBuildPhase section */
		A2587DAD1C819937007D6A71 /* Resources */ = {
			isa = PBXResourcesBuildPhase;
			buildActionMask = 2147483647;
			files = (
				A2587DBD1C819937007D6A71 /* LaunchScreen.storyboard in Resources */,
				A2587DBA1C819937007D6A71 /* Assets.xcassets in Resources */,
				A2587DB81C819937007D6A71 /* Main.storyboard in Resources */,
			);
			runOnlyForDeploymentPostprocessing = 0;
		};
		A2587DC11C819937007D6A71 /* Resources */ = {
			isa = PBXResourcesBuildPhase;
			buildActionMask = 2147483647;
			files = (
			);
			runOnlyForDeploymentPostprocessing = 0;
		};
		A2587DCC1C819937007D6A71 /* Resources */ = {
			isa = PBXResourcesBuildPhase;
			buildActionMask = 2147483647;
			files = (
			);
			runOnlyForDeploymentPostprocessing = 0;
		};
/* End PBXResourcesBuildPhase section */

/* Begin PBXSourcesBuildPhase section */
		A2587DAB1C819937007D6A71 /* Sources */ = {
			isa = PBXSourcesBuildPhase;
			buildActionMask = 2147483647;
			files = (
				A2587DB51C819937007D6A71 /* ViewController.swift in Sources */,
				A2587DB31C819937007D6A71 /* AppDelegate.swift in Sources */,
			);
			runOnlyForDeploymentPostprocessing = 0;
		};
		A2587DBF1C819937007D6A71 /* Sources */ = {
			isa = PBXSourcesBuildPhase;
			buildActionMask = 2147483647;
			files = (
				A2587DC81C819937007D6A71 /* _BombsTests.swift in Sources */,
			);
			runOnlyForDeploymentPostprocessing = 0;
		};
		A2587DCA1C819937007D6A71 /* Sources */ = {
			isa = PBXSourcesBuildPhase;
			buildActionMask = 2147483647;
			files = (
				A2587DD31C819937007D6A71 /* _BombsUITests.swift in Sources */,
			);
			runOnlyForDeploymentPostprocessing = 0;
		};
/* End PBXSourcesBuildPhase section */

/* Begin PBXTargetDependency section */
		A2587DC51C819937007D6A71 /* PBXTargetDependency */ = {
			isa = PBXTargetDependency;
			target = A2587DAE1C819937007D6A71 /* 2Bombs */;
			targetProxy = A2587DC41C819937007D6A71 /* PBXContainerItemProxy */;
		};
		A2587DD01C819937007D6A71 /* PBXTargetDependency */ = {
			isa = PBXTargetDependency;
			target = A2587DAE1C819937007D6A71 /* 2Bombs */;
			targetProxy = A2587DCF1C819937007D6A71 /* PBXContainerItemProxy */;
		};
/* End PBXTargetDependency section */

/* Begin PBXVariantGroup section */
		A2587DB61C819937007D6A71 /* Main.storyboard */ = {
			isa = PBXVariantGroup;
			children = (
				A2587DB71C819937007D6A71 /* Base */,
			);
			name = Main.storyboard;
			sourceTree = "<group>";
		};
		A2587DBB1C819937007D6A71 /* LaunchScreen.storyboard */ = {
			isa = PBXVariantGroup;
			children = (
				A2587DBC1C819937007D6A71 /* Base */,
			);
			name = LaunchScreen.storyboard;
			sourceTree = "<group>";
		};
/* End PBXVariantGroup section */

/* Begin XCBuildConfiguration section */
		A2587DD51C819937007D6A71 /* Debug */ = {
			isa = XCBuildConfiguration;
			buildSettings = {
				ALWAYS_SEARCH_USER_PATHS = NO;
				CLANG_ANALYZER_NONNULL = YES;
				CLANG_CXX_LANGUAGE_STANDARD = "gnu++0x";
				CLANG_CXX_LIBRARY = "libc++";
				CLANG_ENABLE_MODULES = YES;
				CLANG_ENABLE_OBJC_ARC = YES;
				CLANG_WARN_BOOL_CONVERSION = YES;
				CLANG_WARN_CONSTANT_CONVERSION = YES;
				CLANG_WARN_DIRECT_OBJC_ISA_USAGE = YES_ERROR;
				CLANG_WARN_EMPTY_BODY = YES;
				CLANG_WARN_ENUM_CONVERSION = YES;
				CLANG_WARN_INT_CONVERSION = YES;
				CLANG_WARN_OBJC_ROOT_CLASS = YES_ERROR;
				CLANG_WARN_UNREACHABLE_CODE = YES;
				CLANG_WARN__DUPLICATE_METHOD_MATCH = YES;
				"CODE_SIGN_IDENTITY[sdk=iphoneos*]" = "iPhone Developer";
				COPY_PHASE_STRIP = NO;
				DEBUG_INFORMATION_FORMAT = dwarf;
				ENABLE_STRICT_OBJC_MSGSEND = YES;
				ENABLE_TESTABILITY = YES;
				GCC_C_LANGUAGE_STANDARD = gnu99;
				GCC_DYNAMIC_NO_PIC = NO;
				GCC_NO_COMMON_BLOCKS = YES;
				GCC_OPTIMIZATION_LEVEL = 0;
				GCC_PREPROCESSOR_DEFINITIONS = (
					"DEBUG=1",
					"$(inherited)",
				);
				GCC_WARN_64_TO_32_BIT_CONVERSION = YES;
				GCC_WARN_ABOUT_RETURN_TYPE = YES_ERROR;
				GCC_WARN_UNDECLARED_SELECTOR = YES;
				GCC_WARN_UNINITIALIZED_AUTOS = YES_AGGRESSIVE;
				GCC_WARN_UNUSED_FUNCTION = YES;
				GCC_WARN_UNUSED_VARIABLE = YES;
				IPHONEOS_DEPLOYMENT_TARGET = 9.3;
				MTL_ENABLE_DEBUG_INFO = YES;
				ONLY_ACTIVE_ARCH = YES;
				SDKROOT = iphoneos;
				SWIFT_OPTIMIZATION_LEVEL = "-Onone";
			};
			name = Debug;
		};
		A2587DD61C819937007D6A71 /* Release */ = {
			isa = XCBuildConfiguration;
			buildSettings = {
				ALWAYS_SEARCH_USER_PATHS = NO;
				CLANG_ANALYZER_NONNULL = YES;
				CLANG_CXX_LANGUAGE_STANDARD = "gnu++0x";
				CLANG_CXX_LIBRARY = "libc++";
				CLANG_ENABLE_MODULES = YES;
				CLANG_ENABLE_OBJC_ARC = YES;
				CLANG_WARN_BOOL_CONVERSION = YES;
				CLANG_WARN_CONSTANT_CONVERSION = YES;
				CLANG_WARN_DIRECT_OBJC_ISA_USAGE = YES_ERROR;
				CLANG_WARN_EMPTY_BODY = YES;
				CLANG_WARN_ENUM_CONVERSION = YES;
				CLANG_WARN_INT_CONVERSION = YES;
				CLANG_WARN_OBJC_ROOT_CLASS = YES_ERROR;
				CLANG_WARN_UNREACHABLE_CODE = YES;
				CLANG_WARN__DUPLICATE_METHOD_MATCH = YES;
				"CODE_SIGN_IDENTITY[sdk=iphoneos*]" = "iPhone Developer";
				COPY_PHASE_STRIP = NO;
				DEBUG_INFORMATION_FORMAT = "dwarf-with-dsym";
				ENABLE_NS_ASSERTIONS = NO;
				ENABLE_STRICT_OBJC_MSGSEND = YES;
				GCC_C_LANGUAGE_STANDARD = gnu99;
				GCC_NO_COMMON_BLOCKS = YES;
				GCC_WARN_64_TO_32_BIT_CONVERSION = YES;
				GCC_WARN_ABOUT_RETURN_TYPE = YES_ERROR;
				GCC_WARN_UNDECLARED_SELECTOR = YES;
				GCC_WARN_UNINITIALIZED_AUTOS = YES_AGGRESSIVE;
				GCC_WARN_UNUSED_FUNCTION = YES;
				GCC_WARN_UNUSED_VARIABLE = YES;
				IPHONEOS_DEPLOYMENT_TARGET = 9.3;
				MTL_ENABLE_DEBUG_INFO = NO;
				SDKROOT = iphoneos;
				VALIDATE_PRODUCT = YES;
			};
			name = Release;
		};
		A2587DD81C819937007D6A71 /* Debug */ = {
			isa = XCBuildConfiguration;
			buildSettings = {
				ASSETCATALOG_COMPILER_APPICON_NAME = AppIcon;
				INFOPLIST_FILE = 2Bombs/Info.plist;
				LD_RUNPATH_SEARCH_PATHS = "$(inherited) @executable_path/Frameworks";
				PRODUCT_BUNDLE_IDENTIFIER = "com.aurora.-Bombs";
				PRODUCT_NAME = "$(TARGET_NAME)";
			};
			name = Debug;
		};
		A2587DD91C819937007D6A71 /* Release */ = {
			isa = XCBuildConfiguration;
			buildSettings = {
				ASSETCATALOG_COMPILER_APPICON_NAME = AppIcon;
				INFOPLIST_FILE = 2Bombs/Info.plist;
				LD_RUNPATH_SEARCH_PATHS = "$(inherited) @executable_path/Frameworks";
				PRODUCT_BUNDLE_IDENTIFIER = "com.aurora.-Bombs";
				PRODUCT_NAME = "$(TARGET_NAME)";
			};
			name = Release;
		};
		A2587DDB1C819937007D6A71 /* Debug */ = {
			isa = XCBuildConfiguration;
			buildSettings = {
				BUNDLE_LOADER = "$(TEST_HOST)";
				INFOPLIST_FILE = 2BombsTests/Info.plist;
				LD_RUNPATH_SEARCH_PATHS = "$(inherited) @executable_path/Frameworks @loader_path/Frameworks";
				PRODUCT_BUNDLE_IDENTIFIER = "com.aurora.-BombsTests";
				PRODUCT_NAME = "$(TARGET_NAME)";
				TEST_HOST = "$(BUILT_PRODUCTS_DIR)/2Bombs.app/2Bombs";
			};
			name = Debug;
		};
		A2587DDC1C819937007D6A71 /* Release */ = {
			isa = XCBuildConfiguration;
			buildSettings = {
				BUNDLE_LOADER = "$(TEST_HOST)";
				INFOPLIST_FILE = 2BombsTests/Info.plist;
				LD_RUNPATH_SEARCH_PATHS = "$(inherited) @executable_path/Frameworks @loader_path/Frameworks";
				PRODUCT_BUNDLE_IDENTIFIER = "com.aurora.-BombsTests";
				PRODUCT_NAME = "$(TARGET_NAME)";
				TEST_HOST = "$(BUILT_PRODUCTS_DIR)/2Bombs.app/2Bombs";
			};
			name = Release;
		};
		A2587DDE1C819937007D6A71 /* Debug */ = {
			isa = XCBuildConfiguration;
			buildSettings = {
				INFOPLIST_FILE = 2BombsUITests/Info.plist;
				LD_RUNPATH_SEARCH_PATHS = "$(inherited) @executable_path/Frameworks @loader_path/Frameworks";
				PRODUCT_BUNDLE_IDENTIFIER = "com.aurora.-BombsUITests";
				PRODUCT_NAME = "$(TARGET_NAME)";
				TEST_TARGET_NAME = 2Bombs;
			};
			name = Debug;
		};
		A2587DDF1C819937007D6A71 /* Release */ = {
			isa = XCBuildConfiguration;
			buildSettings = {
				INFOPLIST_FILE = 2BombsUITests/Info.plist;
				LD_RUNPATH_SEARCH_PATHS = "$(inherited) @executable_path/Frameworks @loader_path/Frameworks";
				PRODUCT_BUNDLE_IDENTIFIER = "com.aurora.-BombsUITests";
				PRODUCT_NAME = "$(TARGET_NAME)";
				TEST_TARGET_NAME = 2Bombs;
			};
			name = Release;
		};
/* End XCBuildConfiguration section */

/* Begin XCConfigurationList section */
		A2587DAA1C819937007D6A71 /* Build configuration list for PBXProject "2Bombs" */ = {
			isa = XCConfigurationList;
			buildConfigurations = (
				A2587DD51C819937007D6A71 /* Debug */,
				A2587DD61C819937007D6A71 /* Release */,
			);
			defaultConfigurationIsVisible = 0;
			defaultConfigurationName = Release;
		};
		A2587DD71C819937007D6A71 /* Build configuration list for PBXNativeTarget "2Bombs" */ = {
			isa = XCConfigurationList;
			buildConfigurations = (
				A2587DD81C819937007D6A71 /* Debug */,
				A2587DD91C819937007D6A71 /* Release */,
			);
			defaultConfigurationIsVisible = 0;
		};
		A2587DDA1C819937007D6A71 /* Build configuration list for PBXNativeTarget "2BombsTests" */ = {
			isa = XCConfigurationList;
			buildConfigurations = (
				A2587DDB1C819937007D6A71 /* Debug */,
				A2587DDC1C819937007D6A71 /* Release */,
			);
			defaultConfigurationIsVisible = 0;
		};
		A2587DDD1C819937007D6A71 /* Build configuration list for PBXNativeTarget "2BombsUITests" */ = {
			isa = XCConfigurationList;
			buildConfigurations = (
				A2587DDE1C819937007D6A71 /* Debug */,
				A2587DDF1C819937007D6A71 /* Release */,
			);
			defaultConfigurationIsVisible = 0;
		};
/* End XCConfigurationList section */
	};
	rootObject = A2587DA71C819937007D6A71 /* Project object */;
}
